
Microsoft Visual Studio Solution File, Format Version 12.00
# Visual Studio Version 16
VisualStudioVersion = 16.0.28803.352
MinimumVisualStudioVersion = 10.0.40219.1
Project("{FAE04EC0-301F-11D3-BF4B-00C04F79EFBC}") = "OODProjectReact", "OODProjectReact\OODProjectReact.csproj", "{2AE0E265-C8C5-41EF-80E7-5559FC3DC02C}"
EndProject
Global
	GlobalSection(SolutionConfigurationPlatforms) = preSolution
		Debug|Any CPU = Debug|Any CPU
		Release|Any CPU = Release|Any CPU
	EndGlobalSection
	GlobalSection(ProjectConfigurationPlatforms) = postSolution
		{2AE0E265-C8C5-41EF-80E7-5559FC3DC02C}.Debug|Any CPU.ActiveCfg = Debug|Any CPU
		{2AE0E265-C8C5-41EF-80E7-5559FC3DC02C}.Debug|Any CPU.Build.0 = Debug|Any CPU
		{2AE0E265-C8C5-41EF-80E7-5559FC3DC02C}.Release|Any CPU.ActiveCfg = Release|Any CPU
		{2AE0E265-C8C5-41EF-80E7-5559FC3DC02C}.Release|Any CPU.Build.0 = Release|Any CPU
	EndGlobalSection
	GlobalSection(SolutionProperties) = preSolution
		HideSolutionNode = FALSE
	EndGlobalSection
	GlobalSection(ExtensibilityGlobals) = postSolution
		SolutionGuid = {1558CF95-0C1B-4489-9306-43C4DCF25B31}
	EndGlobalSection
EndGlobal
